// !$*UTF8*$!
{
	archiveVersion = 1;
	classes = {
	};
	objectVersion = 50;
	objects = {

/* Begin PBXBuildFile section */
		37D5192722A81F720090FC86 /* AppDelegate.swift in Sources */ = {isa = PBXBuildFile; fileRef = 37D5192622A81F720090FC86 /* AppDelegate.swift */; };
		37D5192C22A81F720090FC86 /* Main.storyboard in Resources */ = {isa = PBXBuildFile; fileRef = 37D5192A22A81F720090FC86 /* Main.storyboard */; };
		37D5192E22A81F730090FC86 /* Assets.xcassets in Resources */ = {isa = PBXBuildFile; fileRef = 37D5192D22A81F730090FC86 /* Assets.xcassets */; };
		37D5193122A81F730090FC86 /* LaunchScreen.storyboard in Resources */ = {isa = PBXBuildFile; fileRef = 37D5192F22A81F730090FC86 /* LaunchScreen.storyboard */; };
		37D5193922A828470090FC86 /* NotesViewController.swift in Sources */ = {isa = PBXBuildFile; fileRef = 37D5193822A828470090FC86 /* NotesViewController.swift */; };
		37D5193B22A82BE40090FC86 /* Note.swift in Sources */ = {isa = PBXBuildFile; fileRef = 37D5193A22A82BE40090FC86 /* Note.swift */; };
		37D5194022A82DFA0090FC86 /* NoteController.swift in Sources */ = {isa = PBXBuildFile; fileRef = 37D5193F22A82DFA0090FC86 /* NoteController.swift */; };
		37D5194322A831500090FC86 /* NoteTableViewCell.swift in Sources */ = {isa = PBXBuildFile; fileRef = 37D5194222A831500090FC86 /* NoteTableViewCell.swift */; };
/* End PBXBuildFile section */

/* Begin PBXFileReference section */
		37D5192322A81F720090FC86 /* QuickNotes.app */ = {isa = PBXFileReference; explicitFileType = wrapper.application; includeInIndex = 0; path = QuickNotes.app; sourceTree = BUILT_PRODUCTS_DIR; };
		37D5192622A81F720090FC86 /* AppDelegate.swift */ = {isa = PBXFileReference; lastKnownFileType = sourcecode.swift; path = AppDelegate.swift; sourceTree = "<group>"; };
		37D5192B22A81F720090FC86 /* Base */ = {isa = PBXFileReference; lastKnownFileType = file.storyboard; name = Base; path = Base.lproj/Main.storyboard; sourceTree = "<group>"; };
		37D5192D22A81F730090FC86 /* Assets.xcassets */ = {isa = PBXFileReference; lastKnownFileType = folder.assetcatalog; path = Assets.xcassets; sourceTree = "<group>"; };
		37D5193022A81F730090FC86 /* Base */ = {isa = PBXFileReference; lastKnownFileType = file.storyboard; name = Base; path = Base.lproj/LaunchScreen.storyboard; sourceTree = "<group>"; };
		37D5193222A81F730090FC86 /* Info.plist */ = {isa = PBXFileReference; lastKnownFileType = text.plist.xml; path = Info.plist; sourceTree = "<group>"; };
		37D5193822A828470090FC86 /* NotesViewController.swift */ = {isa = PBXFileReference; lastKnownFileType = sourcecode.swift; path = NotesViewController.swift; sourceTree = "<group>"; };
		37D5193A22A82BE40090FC86 /* Note.swift */ = {isa = PBXFileReference; lastKnownFileType = sourcecode.swift; path = Note.swift; sourceTree = "<group>"; };
		37D5193F22A82DFA0090FC86 /* NoteController.swift */ = {isa = PBXFileReference; lastKnownFileType = sourcecode.swift; path = NoteController.swift; sourceTree = "<group>"; };
		37D5194222A831500090FC86 /* NoteTableViewCell.swift */ = {isa = PBXFileReference; lastKnownFileType = sourcecode.swift; path = NoteTableViewCell.swift; sourceTree = "<group>"; };
/* End PBXFileReference section */

/* Begin PBXFrameworksBuildPhase section */
		37D5192022A81F720090FC86 /* Frameworks */ = {
			isa = PBXFrameworksBuildPhase;
			buildActionMask = 2147483647;
			files = (
			);
			runOnlyForDeploymentPostprocessing = 0;
		};
/* End PBXFrameworksBuildPhase section */

/* Begin PBXGroup section */
		37D5191A22A81F720090FC86 = {
			isa = PBXGroup;
			children = (
				37D5192522A81F720090FC86 /* QuickNotes */,
				37D5192422A81F720090FC86 /* Products */,
			);
			sourceTree = "<group>";
		};
		37D5192422A81F720090FC86 /* Products */ = {
			isa = PBXGroup;
			children = (
				37D5192322A81F720090FC86 /* QuickNotes.app */,
			);
			name = Products;
			sourceTree = "<group>";
		};
		37D5192522A81F720090FC86 /* QuickNotes */ = {
			isa = PBXGroup;
			children = (
				37D5193C22A82C290090FC86 /* Model */,
				37D5194122A82E0C0090FC86 /* Controller */,
				37D5193D22A82C370090FC86 /* View Controller */,
				37D5194422A831700090FC86 /* Views */,
				37D5193E22A82C530090FC86 /* Resources */,
			);
			path = QuickNotes;
			sourceTree = "<group>";
		};
		37D5193C22A82C290090FC86 /* Model */ = {
			isa = PBXGroup;
			children = (
				37D5193A22A82BE40090FC86 /* Note.swift */,
			);
			path = Model;
			sourceTree = "<group>";
		};
		37D5193D22A82C370090FC86 /* View Controller */ = {
			isa = PBXGroup;
			children = (
				37D5193822A828470090FC86 /* NotesViewController.swift */,
			);
			path = "View Controller";
			sourceTree = "<group>";
		};
		37D5193E22A82C530090FC86 /* Resources */ = {
			isa = PBXGroup;
			children = (
				37D5192622A81F720090FC86 /* AppDelegate.swift */,
				37D5192A22A81F720090FC86 /* Main.storyboard */,
				37D5192D22A81F730090FC86 /* Assets.xcassets */,
				37D5192F22A81F730090FC86 /* LaunchScreen.storyboard */,
				37D5193222A81F730090FC86 /* Info.plist */,
			);
			path = Resources;
			sourceTree = "<group>";
		};
		37D5194122A82E0C0090FC86 /* Controller */ = {
			isa = PBXGroup;
			children = (
				37D5193F22A82DFA0090FC86 /* NoteController.swift */,
			);
			path = Controller;
			sourceTree = "<group>";
		};
		37D5194422A831700090FC86 /* Views */ = {
			isa = PBXGroup;
			children = (
				37D5194222A831500090FC86 /* NoteTableViewCell.swift */,
			);
			path = Views;
			sourceTree = "<group>";
		};
/* End PBXGroup section */

/* Begin PBXNativeTarget section */
		37D5192222A81F720090FC86 /* QuickNotes */ = {
			isa = PBXNativeTarget;
			buildConfigurationList = 37D5193522A81F730090FC86 /* Build configuration list for PBXNativeTarget "QuickNotes" */;
			buildPhases = (
				37D5191F22A81F720090FC86 /* Sources */,
				37D5192022A81F720090FC86 /* Frameworks */,
				37D5192122A81F720090FC86 /* Resources */,
			);
			buildRules = (
			);
			dependencies = (
			);
			name = QuickNotes;
			productName = QuickNotes;
			productReference = 37D5192322A81F720090FC86 /* QuickNotes.app */;
			productType = "com.apple.product-type.application";
		};
/* End PBXNativeTarget section */

/* Begin PBXProject section */
		37D5191B22A81F720090FC86 /* Project object */ = {
			isa = PBXProject;
			attributes = {
				LastSwiftUpdateCheck = 1020;
				LastUpgradeCheck = 1020;
				ORGANIZATIONNAME = "Marlon Raskin";
				TargetAttributes = {
					37D5192222A81F720090FC86 = {
						CreatedOnToolsVersion = 10.2.1;
					};
				};
			};
			buildConfigurationList = 37D5191E22A81F720090FC86 /* Build configuration list for PBXProject "QuickNotes" */;
			compatibilityVersion = "Xcode 9.3";
			developmentRegion = en;
			hasScannedForEncodings = 0;
			knownRegions = (
				en,
				Base,
			);
			mainGroup = 37D5191A22A81F720090FC86;
			productRefGroup = 37D5192422A81F720090FC86 /* Products */;
			projectDirPath = "";
			projectRoot = "";
			targets = (
				37D5192222A81F720090FC86 /* QuickNotes */,
			);
		};
/* End PBXProject section */

/* Begin PBXResourcesBuildPhase section */
		37D5192122A81F720090FC86 /* Resources */ = {
			isa = PBXResourcesBuildPhase;
			buildActionMask = 2147483647;
			files = (
				37D5193122A81F730090FC86 /* LaunchScreen.storyboard in Resources */,
				37D5192E22A81F730090FC86 /* Assets.xcassets in Resources */,
				37D5192C22A81F720090FC86 /* Main.storyboard in Resources */,
			);
			runOnlyForDeploymentPostprocessing = 0;
		};
/* End PBXResourcesBuildPhase section */

/* Begin PBXSourcesBuildPhase section */
		37D5191F22A81F720090FC86 /* Sources */ = {
			isa = PBXSourcesBuildPhase;
			buildActionMask = 2147483647;
			files = (
				37D5193922A828470090FC86 /* NotesViewController.swift in Sources */,
				37D5194022A82DFA0090FC86 /* NoteController.swift in Sources */,
				37D5192722A81F720090FC86 /* AppDelegate.swift in Sources */,
				37D5194322A831500090FC86 /* NoteTableViewCell.swift in Sources */,
				37D5193B22A82BE40090FC86 /* Note.swift in Sources */,
			);
			runOnlyForDeploymentPostprocessing = 0;
		};
/* End PBXSourcesBuildPhase section */

/* Begin PBXVariantGroup section */
		37D5192A22A81F720090FC86 /* Main.storyboard */ = {
			isa = PBXVariantGroup;
			children = (
				37D5192B22A81F720090FC86 /* Base */,
			);
			name = Main.storyboard;
			sourceTree = "<group>";
		};
		37D5192F22A81F730090FC86 /* LaunchScreen.storyboard */ = {
			isa = PBXVariantGroup;
			children = (
				37D5193022A81F730090FC86 /* Base */,
			);
			name = LaunchScreen.storyboard;
			sourceTree = "<group>";
		};
/* End PBXVariantGroup section */

/* Begin XCBuildConfiguration section */
		37D5193322A81F730090FC86 /* Debug */ = {
			isa = XCBuildConfiguration;
			buildSettings = {
				ALWAYS_SEARCH_USER_PATHS = NO;
				CLANG_ANALYZER_NONNULL = YES;
				CLANG_ANALYZER_NUMBER_OBJECT_CONVERSION = YES_AGGRESSIVE;
				CLANG_CXX_LANGUAGE_STANDARD = "gnu++14";
				CLANG_CXX_LIBRARY = "libc++";
				CLANG_ENABLE_MODULES = YES;
				CLANG_ENABLE_OBJC_ARC = YES;
				CLANG_ENABLE_OBJC_WEAK = YES;
				CLANG_WARN_BLOCK_CAPTURE_AUTORELEASING = YES;
				CLANG_WARN_BOOL_CONVERSION = YES;
				CLANG_WARN_COMMA = YES;
				CLANG_WARN_CONSTANT_CONVERSION = YES;
				CLANG_WARN_DEPRECATED_OBJC_IMPLEMENTATIONS = YES;
				CLANG_WARN_DIRECT_OBJC_ISA_USAGE = YES_ERROR;
				CLANG_WARN_DOCUMENTATION_COMMENTS = YES;
				CLANG_WARN_EMPTY_BODY = YES;
				CLANG_WARN_ENUM_CONVERSION = YES;
				CLANG_WARN_INFINITE_RECURSION = YES;
				CLANG_WARN_INT_CONVERSION = YES;
				CLANG_WARN_NON_LITERAL_NULL_CONVERSION = YES;
				CLANG_WARN_OBJC_IMPLICIT_RETAIN_SELF = YES;
				CLANG_WARN_OBJC_LITERAL_CONVERSION = YES;
				CLANG_WARN_OBJC_ROOT_CLASS = YES_ERROR;
				CLANG_WARN_RANGE_LOOP_ANALYSIS = YES;
				CLANG_WARN_STRICT_PROTOTYPES = YES;
				CLANG_WARN_SUSPICIOUS_MOVE = YES;
				CLANG_WARN_UNGUARDED_AVAILABILITY = YES_AGGRESSIVE;
				CLANG_WARN_UNREACHABLE_CODE = YES;
				CLANG_WARN__DUPLICATE_METHOD_MATCH = YES;
				CODE_SIGN_IDENTITY = "iPhone Developer";
				COPY_PHASE_STRIP = NO;
				DEBUG_INFORMATION_FORMAT = dwarf;
				ENABLE_STRICT_OBJC_MSGSEND = YES;
				ENABLE_TESTABILITY = YES;
				GCC_C_LANGUAGE_STANDARD = gnu11;
				GCC_DYNAMIC_NO_PIC = NO;
				GCC_NO_COMMON_BLOCKS = YES;
				GCC_OPTIMIZATION_LEVEL = 0;
				GCC_PREPROCESSOR_DEFINITIONS = (
					"DEBUG=1",
					"$(inherited)",
				);
				GCC_WARN_64_TO_32_BIT_CONVERSION = YES;
				GCC_WARN_ABOUT_RETURN_TYPE = YES_ERROR;
				GCC_WARN_UNDECLARED_SELECTOR = YES;
				GCC_WARN_UNINITIALIZED_AUTOS = YES_AGGRESSIVE;
				GCC_WARN_UNUSED_FUNCTION = YES;
				GCC_WARN_UNUSED_VARIABLE = YES;
				IPHONEOS_DEPLOYMENT_TARGET = 12.2;
				MTL_ENABLE_DEBUG_INFO = INCLUDE_SOURCE;
				MTL_FAST_MATH = YES;
				ONLY_ACTIVE_ARCH = YES;
				SDKROOT = iphoneos;
				SWIFT_ACTIVE_COMPILATION_CONDITIONS = DEBUG;
				SWIFT_OPTIMIZATION_LEVEL = "-Onone";
			};
			name = Debug;
		};
		37D5193422A81F730090FC86 /* Release */ = {
			isa = XCBuildConfiguration;
			buildSettings = {
				ALWAYS_SEARCH_USER_PATHS = NO;
				CLANG_ANALYZER_NONNULL = YES;
				CLANG_ANALYZER_NUMBER_OBJECT_CONVERSION = YES_AGGRESSIVE;
				CLANG_CXX_LANGUAGE_STANDARD = "gnu++14";
				CLANG_CXX_LIBRARY = "libc++";
				CLANG_ENABLE_MODULES = YES;
				CLANG_ENABLE_OBJC_ARC = YES;
				CLANG_ENABLE_OBJC_WEAK = YES;
				CLANG_WARN_BLOCK_CAPTURE_AUTORELEASING = YES;
				CLANG_WARN_BOOL_CONVERSION = YES;
				CLANG_WARN_COMMA = YES;
				CLANG_WARN_CONSTANT_CONVERSION = YES;
				CLANG_WARN_DEPRECATED_OBJC_IMPLEMENTATIONS = YES;
				CLANG_WARN_DIRECT_OBJC_ISA_USAGE = YES_ERROR;
				CLANG_WARN_DOCUMENTATION_COMMENTS = YES;
				CLANG_WARN_EMPTY_BODY = YES;
				CLANG_WARN_ENUM_CONVERSION = YES;
				CLANG_WARN_INFINITE_RECURSION = YES;
				CLANG_WARN_INT_CONVERSION = YES;
				CLANG_WARN_NON_LITERAL_NULL_CONVERSION = YES;
				CLANG_WARN_OBJC_IMPLICIT_RETAIN_SELF = YES;
				CLANG_WARN_OBJC_LITERAL_CONVERSION = YES;
				CLANG_WARN_OBJC_ROOT_CLASS = YES_ERROR;
				CLANG_WARN_RANGE_LOOP_ANALYSIS = YES;
				CLANG_WARN_STRICT_PROTOTYPES = YES;
				CLANG_WARN_SUSPICIOUS_MOVE = YES;
				CLANG_WARN_UNGUARDED_AVAILABILITY = YES_AGGRESSIVE;
				CLANG_WARN_UNREACHABLE_CODE = YES;
				CLANG_WARN__DUPLICATE_METHOD_MATCH = YES;
				CODE_SIGN_IDENTITY = "iPhone Developer";
				COPY_PHASE_STRIP = NO;
				DEBUG_INFORMATION_FORMAT = "dwarf-with-dsym";
				ENABLE_NS_ASSERTIONS = NO;
				ENABLE_STRICT_OBJC_MSGSEND = YES;
				GCC_C_LANGUAGE_STANDARD = gnu11;
				GCC_NO_COMMON_BLOCKS = YES;
				GCC_WARN_64_TO_32_BIT_CONVERSION = YES;
				GCC_WARN_ABOUT_RETURN_TYPE = YES_ERROR;
				GCC_WARN_UNDECLARED_SELECTOR = YES;
				GCC_WARN_UNINITIALIZED_AUTOS = YES_AGGRESSIVE;
				GCC_WARN_UNUSED_FUNCTION = YES;
				GCC_WARN_UNUSED_VARIABLE = YES;
				IPHONEOS_DEPLOYMENT_TARGET = 12.2;
				MTL_ENABLE_DEBUG_INFO = NO;
				MTL_FAST_MATH = YES;
				SDKROOT = iphoneos;
				SWIFT_COMPILATION_MODE = wholemodule;
				SWIFT_OPTIMIZATION_LEVEL = "-O";
				VALIDATE_PRODUCT = YES;
			};
			name = Release;
		};
		37D5193622A81F730090FC86 /* Debug */ = {
			isa = XCBuildConfiguration;
			buildSettings = {
				ASSETCATALOG_COMPILER_APPICON_NAME = AppIcon;
				CODE_SIGN_STYLE = Automatic;
				DEVELOPMENT_TEAM = D6VB3396MT;
				INFOPLIST_FILE = "$(SRCROOT)/QuickNotes/Resources/Info.plist";
				LD_RUNPATH_SEARCH_PATHS = (
					"$(inherited)",
					"@executable_path/Frameworks",
				);
				PRODUCT_BUNDLE_IDENTIFIER = "Marlon-Raskin.QuickNotes";
				PRODUCT_NAME = "$(TARGET_NAME)";
				SWIFT_VERSION = 5.0;
				TARGETED_DEVICE_FAMILY = "1,2";
			};
			name = Debug;
		};
		37D5193722A81F730090FC86 /* Release */ = {
			isa = XCBuildConfiguration;
			buildSettings = {
				ASSETCATALOG_COMPILER_APPICON_NAME = AppIcon;
				CODE_SIGN_STYLE = Automatic;
				DEVELOPMENT_TEAM = D6VB3396MT;
				INFOPLIST_FILE = "$(SRCROOT)/QuickNotes/Resources/Info.plist";
				LD_RUNPATH_SEARCH_PATHS = (
					"$(inherited)",
					"@executable_path/Frameworks",
				);
				PRODUCT_BUNDLE_IDENTIFIER = "Marlon-Raskin.QuickNotes";
				PRODUCT_NAME = "$(TARGET_NAME)";
				SWIFT_VERSION = 5.0;
				TARGETED_DEVICE_FAMILY = "1,2";
			};
			name = Release;
		};
/* End XCBuildConfiguration section */

/* Begin XCConfigurationList section */
		37D5191E22A81F720090FC86 /* Build configuration list for PBXProject "QuickNotes" */ = {
			isa = XCConfigurationList;
			buildConfigurations = (
				37D5193322A81F730090FC86 /* Debug */,
				37D5193422A81F730090FC86 /* Release */,
			);
			defaultConfigurationIsVisible = 0;
			defaultConfigurationName = Release;
		};
		37D5193522A81F730090FC86 /* Build configuration list for PBXNativeTarget "QuickNotes" */ = {
			isa = XCConfigurationList;
			buildConfigurations = (
				37D5193622A81F730090FC86 /* Debug */,
				37D5193722A81F730090FC86 /* Release */,
			);
			defaultConfigurationIsVisible = 0;
			defaultConfigurationName = Release;
		};
/* End XCConfigurationList section */
	};
	rootObject = 37D5191B22A81F720090FC86 /* Project object */;
}
